
Microsoft Visual Studio Solution File, Format Version 12.00
# Visual Studio Version 17
VisualStudioVersion = 17.9.34728.123
MinimumVisualStudioVersion = 10.0.40219.1
Project("{9A19103F-16F7-4668-BE54-9A1E7A4F7556}") = "WS_ModeloTarjetasCS", "WS_ModeloTarjetasCS\WS_ModeloTarjetasCS.csproj", "{198A4B86-27F7-4057-8FB7-92BB426DD306}"
EndProject
Project("{9A19103F-16F7-4668-BE54-9A1E7A4F7556}") = "EstructurasDatosPG3CS", "..\EstructurasDatosPG3\EstructurasDatosPG3CS.csproj", "{80DA6D15-D717-461E-ACE3-7C3085C032B8}"
EndProject
Global
	GlobalSection(SolutionConfigurationPlatforms) = preSolution
		Debug|Any CPU = Debug|Any CPU
		Release|Any CPU = Release|Any CPU
	EndGlobalSection
	GlobalSection(ProjectConfigurationPlatforms) = postSolution
		{198A4B86-27F7-4057-8FB7-92BB426DD306}.Debug|Any CPU.ActiveCfg = Debug|Any CPU
		{198A4B86-27F7-4057-8FB7-92BB426DD306}.Debug|Any CPU.Build.0 = Debug|Any CPU
		{198A4B86-27F7-4057-8FB7-92BB426DD306}.Release|Any CPU.ActiveCfg = Release|Any CPU
		{198A4B86-27F7-4057-8FB7-92BB426DD306}.Release|Any CPU.Build.0 = Release|Any CPU
		{80DA6D15-D717-461E-ACE3-7C3085C032B8}.Debug|Any CPU.ActiveCfg = Debug|Any CPU
		{80DA6D15-D717-461E-ACE3-7C3085C032B8}.Debug|Any CPU.Build.0 = Debug|Any CPU
		{80DA6D15-D717-461E-ACE3-7C3085C032B8}.Release|Any CPU.ActiveCfg = Release|Any CPU
		{80DA6D15-D717-461E-ACE3-7C3085C032B8}.Release|Any CPU.Build.0 = Release|Any CPU
	EndGlobalSection
	GlobalSection(SolutionProperties) = preSolution
		HideSolutionNode = FALSE
	EndGlobalSection
	GlobalSection(ExtensibilityGlobals) = postSolution
		SolutionGuid = {7381079C-FE3D-4A9B-A63F-6064A698ABAF}
	EndGlobalSection
EndGlobal
